
Microsoft Visual Studio Solution File, Format Version 12.00
# Visual Studio Version 17
VisualStudioVersion = 17.11.35312.102
MinimumVisualStudioVersion = 10.0.40219.1
Project("{9A19103F-16F7-4668-BE54-9A1E7A4F7556}") = "EagleTask.API", "EagleTask.API\EagleTask.API.csproj", "{9A225846-EE5F-41B0-8F1F-B0324CF54AD4}"
EndProject
Project("{9A19103F-16F7-4668-BE54-9A1E7A4F7556}") = "EagleTask.Data", "EagleTask.Data\EagleTask.Data.csproj", "{2F34B473-7170-4854-B16E-4C6204451A07}"
EndProject
Project("{9A19103F-16F7-4668-BE54-9A1E7A4F7556}") = "EagleTask.Models", "EagleTask.Models\EagleTask.Models.csproj", "{875B7685-BE62-4DDE-8B7E-DA712CAE556C}"
EndProject
Project("{FAE04EC0-301F-11D3-BF4B-00C04F79EFBC}") = "Utility", "Utility\Utility.csproj", "{7278AE88-2390-4E41-A290-D08DA109EE74}"
EndProject
Global
	GlobalSection(SolutionConfigurationPlatforms) = preSolution
		Debug|Any CPU = Debug|Any CPU
		Release|Any CPU = Release|Any CPU
	EndGlobalSection
	GlobalSection(ProjectConfigurationPlatforms) = postSolution
		{9A225846-EE5F-41B0-8F1F-B0324CF54AD4}.Debug|Any CPU.ActiveCfg = Debug|Any CPU
		{9A225846-EE5F-41B0-8F1F-B0324CF54AD4}.Debug|Any CPU.Build.0 = Debug|Any CPU
		{9A225846-EE5F-41B0-8F1F-B0324CF54AD4}.Release|Any CPU.ActiveCfg = Release|Any CPU
		{9A225846-EE5F-41B0-8F1F-B0324CF54AD4}.Release|Any CPU.Build.0 = Release|Any CPU
		{2F34B473-7170-4854-B16E-4C6204451A07}.Debug|Any CPU.ActiveCfg = Debug|Any CPU
		{2F34B473-7170-4854-B16E-4C6204451A07}.Debug|Any CPU.Build.0 = Debug|Any CPU
		{2F34B473-7170-4854-B16E-4C6204451A07}.Release|Any CPU.ActiveCfg = Release|Any CPU
		{2F34B473-7170-4854-B16E-4C6204451A07}.Release|Any CPU.Build.0 = Release|Any CPU
		{875B7685-BE62-4DDE-8B7E-DA712CAE556C}.Debug|Any CPU.ActiveCfg = Debug|Any CPU
		{875B7685-BE62-4DDE-8B7E-DA712CAE556C}.Debug|Any CPU.Build.0 = Debug|Any CPU
		{875B7685-BE62-4DDE-8B7E-DA712CAE556C}.Release|Any CPU.ActiveCfg = Release|Any CPU
		{875B7685-BE62-4DDE-8B7E-DA712CAE556C}.Release|Any CPU.Build.0 = Release|Any CPU
		{7278AE88-2390-4E41-A290-D08DA109EE74}.Debug|Any CPU.ActiveCfg = Debug|Any CPU
		{7278AE88-2390-4E41-A290-D08DA109EE74}.Debug|Any CPU.Build.0 = Debug|Any CPU
		{7278AE88-2390-4E41-A290-D08DA109EE74}.Release|Any CPU.ActiveCfg = Release|Any CPU
		{7278AE88-2390-4E41-A290-D08DA109EE74}.Release|Any CPU.Build.0 = Release|Any CPU
	EndGlobalSection
	GlobalSection(SolutionProperties) = preSolution
		HideSolutionNode = FALSE
	EndGlobalSection
	GlobalSection(ExtensibilityGlobals) = postSolution
		SolutionGuid = {4C406C66-225C-4121-BA1C-4599F5E8296F}
	EndGlobalSection
EndGlobal
